// !$*UTF8*$!
{
	archiveVersion = 1;
	classes = {
	};
	objectVersion = 56;
	objects = {

/* Begin PBXBuildFile section */
		63708C2B2C5A2EAC0045BBFB /* MenuView.swift in Sources */ = {isa = PBXBuildFile; fileRef = 63708C2A2C5A2EAC0045BBFB /* MenuView.swift */; };
		63708C2D2C5BF3E50045BBFB /* PresentRecommendationView.swift in Sources */ = {isa = PBXBuildFile; fileRef = 63708C2C2C5BF3E40045BBFB /* PresentRecommendationView.swift */; };
		63708C2F2C5C027A0045BBFB /* PresentRegistrationView.swift in Sources */ = {isa = PBXBuildFile; fileRef = 63708C2E2C5C027A0045BBFB /* PresentRegistrationView.swift */; };
		63708C312C609F740045BBFB /* Registration.swift in Sources */ = {isa = PBXBuildFile; fileRef = 63708C302C609F740045BBFB /* Registration.swift */; };
		63708C352C60A6E70045BBFB /* PresentRegistrationViewModel.swift in Sources */ = {isa = PBXBuildFile; fileRef = 63708C342C60A6E70045BBFB /* PresentRegistrationViewModel.swift */; };
		63708C382C60B0810045BBFB /* ImageLoader.swift in Sources */ = {isa = PBXBuildFile; fileRef = 63708C372C60B0810045BBFB /* ImageLoader.swift */; };
		63708C3C2C65E7A20045BBFB /* ListRegistrationItemView.swift in Sources */ = {isa = PBXBuildFile; fileRef = 63708C3B2C65E7A20045BBFB /* ListRegistrationItemView.swift */; };
		63708C3E2C65E7CB0045BBFB /* IconRegistrationItemView.swift in Sources */ = {isa = PBXBuildFile; fileRef = 63708C3D2C65E7CB0045BBFB /* IconRegistrationItemView.swift */; };
		63708C402C65E7E80045BBFB /* RegistrationItemViewModel.swift in Sources */ = {isa = PBXBuildFile; fileRef = 63708C3F2C65E7E80045BBFB /* RegistrationItemViewModel.swift */; };
		63708C452C6678070045BBFB /* Colorful in Frameworks */ = {isa = PBXBuildFile; productRef = 63708C442C6678070045BBFB /* Colorful */; };
		63708C482C6679360045BBFB /* ColorfulX in Frameworks */ = {isa = PBXBuildFile; productRef = 63708C472C6679360045BBFB /* ColorfulX */; };
		6383E82A2C7970290048A52F /* ColorExtension.swift in Sources */ = {isa = PBXBuildFile; fileRef = 6383E8292C7970290048A52F /* ColorExtension.swift */; };
		6383E8392C7D4AE20048A52F /* PresentInfoEditView.swift in Sources */ = {isa = PBXBuildFile; fileRef = 6383E8382C7D4AE20048A52F /* PresentInfoEditView.swift */; };
		63DA88512C4A1910000D936B /* AITOTOApp.swift in Sources */ = {isa = PBXBuildFile; fileRef = 63DA88502C4A1910000D936B /* AITOTOApp.swift */; };
		63DA88532C4A1910000D936B /* ContentView.swift in Sources */ = {isa = PBXBuildFile; fileRef = 63DA88522C4A1910000D936B /* ContentView.swift */; };
		63DA88552C4A1911000D936B /* Assets.xcassets in Resources */ = {isa = PBXBuildFile; fileRef = 63DA88542C4A1911000D936B /* Assets.xcassets */; };
		63DA88582C4A1911000D936B /* Preview Assets.xcassets in Resources */ = {isa = PBXBuildFile; fileRef = 63DA88572C4A1911000D936B /* Preview Assets.xcassets */; };
		63DA885F2C4A19F9000D936B /* .gitignore in Resources */ = {isa = PBXBuildFile; fileRef = 63DA885E2C4A19F9000D936B /* .gitignore */; };
		63DA88622C4CD374000D936B /* GoogleService-Info.plist in Resources */ = {isa = PBXBuildFile; fileRef = 63DA88612C4CD374000D936B /* GoogleService-Info.plist */; };
		63DA88652C4CD44F000D936B /* FirebaseAuth in Frameworks */ = {isa = PBXBuildFile; productRef = 63DA88642C4CD44F000D936B /* FirebaseAuth */; };
		63DA88672C4CD44F000D936B /* FirebaseFirestore in Frameworks */ = {isa = PBXBuildFile; productRef = 63DA88662C4CD44F000D936B /* FirebaseFirestore */; };
		63DA88692C4CD44F000D936B /* FirebaseFirestoreSwift in Frameworks */ = {isa = PBXBuildFile; productRef = 63DA88682C4CD44F000D936B /* FirebaseFirestoreSwift */; };
		63DA886B2C4CD44F000D936B /* FirebaseStorage in Frameworks */ = {isa = PBXBuildFile; productRef = 63DA886A2C4CD44F000D936B /* FirebaseStorage */; };
		63DA886E2C4CD592000D936B /* AuthService.swift in Sources */ = {isa = PBXBuildFile; fileRef = 63DA886D2C4CD592000D936B /* AuthService.swift */; };
		63DA88712C4CD685000D936B /* User.swift in Sources */ = {isa = PBXBuildFile; fileRef = 63DA88702C4CD685000D936B /* User.swift */; };
		63DA88742C4CD781000D936B /* MainView.swift in Sources */ = {isa = PBXBuildFile; fileRef = 63DA88732C4CD781000D936B /* MainView.swift */; };
		63DA88792C4CD7F0000D936B /* ContentViewModel.swift in Sources */ = {isa = PBXBuildFile; fileRef = 63DA88782C4CD7F0000D936B /* ContentViewModel.swift */; };
		63DA887C2C4CDA1E000D936B /* LoginView.swift in Sources */ = {isa = PBXBuildFile; fileRef = 63DA887B2C4CDA1E000D936B /* LoginView.swift */; };
		63DA887F2C4CDA58000D936B /* LoginViewModel.swift in Sources */ = {isa = PBXBuildFile; fileRef = 63DA887E2C4CDA58000D936B /* LoginViewModel.swift */; };
		63DA88812C4CDABD000D936B /* RegistrationViewModel.swift in Sources */ = {isa = PBXBuildFile; fileRef = 63DA88802C4CDABD000D936B /* RegistrationViewModel.swift */; };
		63DA88832C4CDAF5000D936B /* AddEmailView.swift in Sources */ = {isa = PBXBuildFile; fileRef = 63DA88822C4CDAF5000D936B /* AddEmailView.swift */; };
		63DA88852C4CDB11000D936B /* CreateUserNameView.swift in Sources */ = {isa = PBXBuildFile; fileRef = 63DA88842C4CDB11000D936B /* CreateUserNameView.swift */; };
		63DA88872C4CDB2E000D936B /* CreatePasswordView.swift in Sources */ = {isa = PBXBuildFile; fileRef = 63DA88862C4CDB2E000D936B /* CreatePasswordView.swift */; };
		63DA88892C4CDB49000D936B /* CompleteSignUpView.swift in Sources */ = {isa = PBXBuildFile; fileRef = 63DA88882C4CDB49000D936B /* CompleteSignUpView.swift */; };
		63DA888C2C4CDBEB000D936B /* IGTextFieldModifier.swift in Sources */ = {isa = PBXBuildFile; fileRef = 63DA888B2C4CDBEB000D936B /* IGTextFieldModifier.swift */; };
		63DA888E2C4CDF9E000D936B /* UserService.swift in Sources */ = {isa = PBXBuildFile; fileRef = 63DA888D2C4CDF9E000D936B /* UserService.swift */; };
/* End PBXBuildFile section */

/* Begin PBXFileReference section */
		63708C2A2C5A2EAC0045BBFB /* MenuView.swift */ = {isa = PBXFileReference; lastKnownFileType = sourcecode.swift; path = MenuView.swift; sourceTree = "<group>"; };
		63708C2C2C5BF3E40045BBFB /* PresentRecommendationView.swift */ = {isa = PBXFileReference; lastKnownFileType = sourcecode.swift; path = PresentRecommendationView.swift; sourceTree = "<group>"; };
		63708C2E2C5C027A0045BBFB /* PresentRegistrationView.swift */ = {isa = PBXFileReference; lastKnownFileType = sourcecode.swift; path = PresentRegistrationView.swift; sourceTree = "<group>"; };
		63708C302C609F740045BBFB /* Registration.swift */ = {isa = PBXFileReference; lastKnownFileType = sourcecode.swift; path = Registration.swift; sourceTree = "<group>"; };
		63708C342C60A6E70045BBFB /* PresentRegistrationViewModel.swift */ = {isa = PBXFileReference; lastKnownFileType = sourcecode.swift; path = PresentRegistrationViewModel.swift; sourceTree = "<group>"; };
		63708C372C60B0810045BBFB /* ImageLoader.swift */ = {isa = PBXFileReference; lastKnownFileType = sourcecode.swift; path = ImageLoader.swift; sourceTree = "<group>"; };
		63708C3B2C65E7A20045BBFB /* ListRegistrationItemView.swift */ = {isa = PBXFileReference; lastKnownFileType = sourcecode.swift; path = ListRegistrationItemView.swift; sourceTree = "<group>"; };
		63708C3D2C65E7CB0045BBFB /* IconRegistrationItemView.swift */ = {isa = PBXFileReference; lastKnownFileType = sourcecode.swift; path = IconRegistrationItemView.swift; sourceTree = "<group>"; };
		63708C3F2C65E7E80045BBFB /* RegistrationItemViewModel.swift */ = {isa = PBXFileReference; lastKnownFileType = sourcecode.swift; path = RegistrationItemViewModel.swift; sourceTree = "<group>"; };
		6383E8292C7970290048A52F /* ColorExtension.swift */ = {isa = PBXFileReference; lastKnownFileType = sourcecode.swift; path = ColorExtension.swift; sourceTree = "<group>"; };
		6383E82D2C798A760048A52F /* Info.plist */ = {isa = PBXFileReference; lastKnownFileType = text.plist; path = Info.plist; sourceTree = "<group>"; };
		6383E8382C7D4AE20048A52F /* PresentInfoEditView.swift */ = {isa = PBXFileReference; lastKnownFileType = sourcecode.swift; path = PresentInfoEditView.swift; sourceTree = "<group>"; };
		63DA884D2C4A1910000D936B /* AITOTO.app */ = {isa = PBXFileReference; explicitFileType = wrapper.application; includeInIndex = 0; path = AITOTO.app; sourceTree = BUILT_PRODUCTS_DIR; };
		63DA88502C4A1910000D936B /* AITOTOApp.swift */ = {isa = PBXFileReference; lastKnownFileType = sourcecode.swift; path = AITOTOApp.swift; sourceTree = "<group>"; };
		63DA88522C4A1910000D936B /* ContentView.swift */ = {isa = PBXFileReference; lastKnownFileType = sourcecode.swift; path = ContentView.swift; sourceTree = "<group>"; };
		63DA88542C4A1911000D936B /* Assets.xcassets */ = {isa = PBXFileReference; lastKnownFileType = folder.assetcatalog; path = Assets.xcassets; sourceTree = "<group>"; };
		63DA88572C4A1911000D936B /* Preview Assets.xcassets */ = {isa = PBXFileReference; lastKnownFileType = folder.assetcatalog; path = "Preview Assets.xcassets"; sourceTree = "<group>"; };
		63DA885E2C4A19F9000D936B /* .gitignore */ = {isa = PBXFileReference; lastKnownFileType = text; path = .gitignore; sourceTree = "<group>"; };
		63DA88612C4CD374000D936B /* GoogleService-Info.plist */ = {isa = PBXFileReference; fileEncoding = 4; lastKnownFileType = text.plist.xml; path = "GoogleService-Info.plist"; sourceTree = SOURCE_ROOT; };
		63DA886D2C4CD592000D936B /* AuthService.swift */ = {isa = PBXFileReference; lastKnownFileType = sourcecode.swift; path = AuthService.swift; sourceTree = "<group>"; };
		63DA88702C4CD685000D936B /* User.swift */ = {isa = PBXFileReference; lastKnownFileType = sourcecode.swift; path = User.swift; sourceTree = "<group>"; };
		63DA88732C4CD781000D936B /* MainView.swift */ = {isa = PBXFileReference; lastKnownFileType = sourcecode.swift; path = MainView.swift; sourceTree = "<group>"; };
		63DA88782C4CD7F0000D936B /* ContentViewModel.swift */ = {isa = PBXFileReference; lastKnownFileType = sourcecode.swift; path = ContentViewModel.swift; sourceTree = "<group>"; };
		63DA887B2C4CDA1E000D936B /* LoginView.swift */ = {isa = PBXFileReference; lastKnownFileType = sourcecode.swift; path = LoginView.swift; sourceTree = "<group>"; };
		63DA887E2C4CDA58000D936B /* LoginViewModel.swift */ = {isa = PBXFileReference; lastKnownFileType = sourcecode.swift; path = LoginViewModel.swift; sourceTree = "<group>"; };
		63DA88802C4CDABD000D936B /* RegistrationViewModel.swift */ = {isa = PBXFileReference; lastKnownFileType = sourcecode.swift; path = RegistrationViewModel.swift; sourceTree = "<group>"; };
		63DA88822C4CDAF5000D936B /* AddEmailView.swift */ = {isa = PBXFileReference; lastKnownFileType = sourcecode.swift; path = AddEmailView.swift; sourceTree = "<group>"; };
		63DA88842C4CDB11000D936B /* CreateUserNameView.swift */ = {isa = PBXFileReference; lastKnownFileType = sourcecode.swift; path = CreateUserNameView.swift; sourceTree = "<group>"; };
		63DA88862C4CDB2E000D936B /* CreatePasswordView.swift */ = {isa = PBXFileReference; lastKnownFileType = sourcecode.swift; path = CreatePasswordView.swift; sourceTree = "<group>"; };
		63DA88882C4CDB49000D936B /* CompleteSignUpView.swift */ = {isa = PBXFileReference; lastKnownFileType = sourcecode.swift; path = CompleteSignUpView.swift; sourceTree = "<group>"; };
		63DA888B2C4CDBEB000D936B /* IGTextFieldModifier.swift */ = {isa = PBXFileReference; lastKnownFileType = sourcecode.swift; path = IGTextFieldModifier.swift; sourceTree = "<group>"; };
		63DA888D2C4CDF9E000D936B /* UserService.swift */ = {isa = PBXFileReference; lastKnownFileType = sourcecode.swift; path = UserService.swift; sourceTree = "<group>"; };
/* End PBXFileReference section */

/* Begin PBXFrameworksBuildPhase section */
		63DA884A2C4A1910000D936B /* Frameworks */ = {
			isa = PBXFrameworksBuildPhase;
			buildActionMask = 2147483647;
			files = (
				63DA88652C4CD44F000D936B /* FirebaseAuth in Frameworks */,
				63708C482C6679360045BBFB /* ColorfulX in Frameworks */,
				63DA886B2C4CD44F000D936B /* FirebaseStorage in Frameworks */,
				63DA88672C4CD44F000D936B /* FirebaseFirestore in Frameworks */,
				63708C452C6678070045BBFB /* Colorful in Frameworks */,
				63DA88692C4CD44F000D936B /* FirebaseFirestoreSwift in Frameworks */,
			);
			runOnlyForDeploymentPostprocessing = 0;
		};
/* End PBXFrameworksBuildPhase section */

/* Begin PBXGroup section */
		63708C332C60A6C70045BBFB /* ViewModel */ = {
			isa = PBXGroup;
			children = (
				63708C342C60A6E70045BBFB /* PresentRegistrationViewModel.swift */,
				63708C3F2C65E7E80045BBFB /* RegistrationItemViewModel.swift */,
			);
			path = ViewModel;
			sourceTree = "<group>";
		};
		63708C362C60B0660045BBFB /* Service */ = {
			isa = PBXGroup;
			children = (
				63DA888D2C4CDF9E000D936B /* UserService.swift */,
				63DA886D2C4CD592000D936B /* AuthService.swift */,
				63708C372C60B0810045BBFB /* ImageLoader.swift */,
			);
			path = Service;
			sourceTree = "<group>";
		};
		6383E82B2C797F070048A52F /* View */ = {
			isa = PBXGroup;
			children = (
				63DA88732C4CD781000D936B /* MainView.swift */,
				63708C2A2C5A2EAC0045BBFB /* MenuView.swift */,
				63708C2C2C5BF3E40045BBFB /* PresentRecommendationView.swift */,
				63708C2E2C5C027A0045BBFB /* PresentRegistrationView.swift */,
				6383E8382C7D4AE20048A52F /* PresentInfoEditView.swift */,
			);
			path = View;
			sourceTree = "<group>";
		};
		6383E82C2C797F200048A52F /* Conpornents */ = {
			isa = PBXGroup;
			children = (
				63708C3D2C65E7CB0045BBFB /* IconRegistrationItemView.swift */,
				63708C3B2C65E7A20045BBFB /* ListRegistrationItemView.swift */,
			);
			path = Conpornents;
			sourceTree = "<group>";
		};
		63DA88442C4A1910000D936B = {
			isa = PBXGroup;
			children = (
				63DA885E2C4A19F9000D936B /* .gitignore */,
				63DA884F2C4A1910000D936B /* AITOTO */,
				63DA884E2C4A1910000D936B /* Products */,
			);
			sourceTree = "<group>";
		};
		63DA884E2C4A1910000D936B /* Products */ = {
			isa = PBXGroup;
			children = (
				63DA884D2C4A1910000D936B /* AITOTO.app */,
			);
			name = Products;
			sourceTree = "<group>";
		};
		63DA884F2C4A1910000D936B /* AITOTO */ = {
			isa = PBXGroup;
			children = (
				6383E82D2C798A760048A52F /* Info.plist */,
				63DA88502C4A1910000D936B /* AITOTOApp.swift */,
				63DA88752C4CD7C1000D936B /* Root */,
				63DA88602C4CD227000D936B /* Authentication */,
				63DA88722C4CD6CC000D936B /* Views */,
				63DA886F2C4CD678000D936B /* Model */,
				63708C362C60B0660045BBFB /* Service */,
				63DA888A2C4CDBCC000D936B /* Custom */,
				63DA88542C4A1911000D936B /* Assets.xcassets */,
				63DA88612C4CD374000D936B /* GoogleService-Info.plist */,
				63DA88562C4A1911000D936B /* Preview Content */,
			);
			path = AITOTO;
			sourceTree = "<group>";
		};
		63DA88562C4A1911000D936B /* Preview Content */ = {
			isa = PBXGroup;
			children = (
				63DA88572C4A1911000D936B /* Preview Assets.xcassets */,
			);
			path = "Preview Content";
			sourceTree = "<group>";
		};
		63DA88602C4CD227000D936B /* Authentication */ = {
			isa = PBXGroup;
			children = (
				63DA887D2C4CDA3F000D936B /* ViewModel */,
				63DA887A2C4CDA0E000D936B /* View */,
			);
			path = Authentication;
			sourceTree = "<group>";
		};
		63DA886F2C4CD678000D936B /* Model */ = {
			isa = PBXGroup;
			children = (
				63DA88702C4CD685000D936B /* User.swift */,
				63708C302C609F740045BBFB /* Registration.swift */,
			);
			path = Model;
			sourceTree = "<group>";
		};
		63DA88722C4CD6CC000D936B /* Views */ = {
			isa = PBXGroup;
			children = (
				6383E82B2C797F070048A52F /* View */,
				6383E82C2C797F200048A52F /* Conpornents */,
				63708C332C60A6C70045BBFB /* ViewModel */,
			);
			path = Views;
			sourceTree = "<group>";
		};
		63DA88752C4CD7C1000D936B /* Root */ = {
			isa = PBXGroup;
			children = (
				63DA88772C4CD7DC000D936B /* ViewModel */,
				63DA88762C4CD7CB000D936B /* View */,
			);
			path = Root;
			sourceTree = "<group>";
		};
		63DA88762C4CD7CB000D936B /* View */ = {
			isa = PBXGroup;
			children = (
				63DA88522C4A1910000D936B /* ContentView.swift */,
			);
			path = View;
			sourceTree = "<group>";
		};
		63DA88772C4CD7DC000D936B /* ViewModel */ = {
			isa = PBXGroup;
			children = (
				63DA88782C4CD7F0000D936B /* ContentViewModel.swift */,
			);
			path = ViewModel;
			sourceTree = "<group>";
		};
		63DA887A2C4CDA0E000D936B /* View */ = {
			isa = PBXGroup;
			children = (
				63DA887B2C4CDA1E000D936B /* LoginView.swift */,
				63DA88822C4CDAF5000D936B /* AddEmailView.swift */,
				63DA88842C4CDB11000D936B /* CreateUserNameView.swift */,
				63DA88862C4CDB2E000D936B /* CreatePasswordView.swift */,
				63DA88882C4CDB49000D936B /* CompleteSignUpView.swift */,
			);
			path = View;
			sourceTree = "<group>";
		};
		63DA887D2C4CDA3F000D936B /* ViewModel */ = {
			isa = PBXGroup;
			children = (
				63DA887E2C4CDA58000D936B /* LoginViewModel.swift */,
				63DA88802C4CDABD000D936B /* RegistrationViewModel.swift */,
			);
			path = ViewModel;
			sourceTree = "<group>";
		};
		63DA888A2C4CDBCC000D936B /* Custom */ = {
			isa = PBXGroup;
			children = (
				63DA888B2C4CDBEB000D936B /* IGTextFieldModifier.swift */,
				6383E8292C7970290048A52F /* ColorExtension.swift */,
			);
			path = Custom;
			sourceTree = "<group>";
		};
/* End PBXGroup section */

/* Begin PBXNativeTarget section */
		63DA884C2C4A1910000D936B /* AITOTO */ = {
			isa = PBXNativeTarget;
			buildConfigurationList = 63DA885B2C4A1911000D936B /* Build configuration list for PBXNativeTarget "AITOTO" */;
			buildPhases = (
				63DA88492C4A1910000D936B /* Sources */,
				63DA884A2C4A1910000D936B /* Frameworks */,
				63DA884B2C4A1910000D936B /* Resources */,
			);
			buildRules = (
			);
			dependencies = (
			);
			name = AITOTO;
			packageProductDependencies = (
				63DA88642C4CD44F000D936B /* FirebaseAuth */,
				63DA88662C4CD44F000D936B /* FirebaseFirestore */,
				63DA88682C4CD44F000D936B /* FirebaseFirestoreSwift */,
				63DA886A2C4CD44F000D936B /* FirebaseStorage */,
				63708C442C6678070045BBFB /* Colorful */,
				63708C472C6679360045BBFB /* ColorfulX */,
			);
			productName = AITOTO;
			productReference = 63DA884D2C4A1910000D936B /* AITOTO.app */;
			productType = "com.apple.product-type.application";
		};
/* End PBXNativeTarget section */

/* Begin PBXProject section */
		63DA88452C4A1910000D936B /* Project object */ = {
			isa = PBXProject;
			attributes = {
				BuildIndependentTargetsInParallel = 1;
				LastSwiftUpdateCheck = 1540;
				LastUpgradeCheck = 1540;
				TargetAttributes = {
					63DA884C2C4A1910000D936B = {
						CreatedOnToolsVersion = 15.4;
					};
				};
			};
			buildConfigurationList = 63DA88482C4A1910000D936B /* Build configuration list for PBXProject "AITOTO" */;
			compatibilityVersion = "Xcode 14.0";
			developmentRegion = en;
			hasScannedForEncodings = 0;
			knownRegions = (
				en,
				Base,
			);
			mainGroup = 63DA88442C4A1910000D936B;
			packageReferences = (
				63DA88632C4CD44F000D936B /* XCRemoteSwiftPackageReference "firebase-ios-sdk" */,
				63708C432C6678070045BBFB /* XCRemoteSwiftPackageReference "Colorful" */,
				63708C462C6679360045BBFB /* XCRemoteSwiftPackageReference "ColorfulX" */,
			);
			productRefGroup = 63DA884E2C4A1910000D936B /* Products */;
			projectDirPath = "";
			projectRoot = "";
			targets = (
				63DA884C2C4A1910000D936B /* AITOTO */,
			);
		};
/* End PBXProject section */

/* Begin PBXResourcesBuildPhase section */
		63DA884B2C4A1910000D936B /* Resources */ = {
			isa = PBXResourcesBuildPhase;
			buildActionMask = 2147483647;
			files = (
				63DA88582C4A1911000D936B /* Preview Assets.xcassets in Resources */,
				63DA88622C4CD374000D936B /* GoogleService-Info.plist in Resources */,
				63DA885F2C4A19F9000D936B /* .gitignore in Resources */,
				63DA88552C4A1911000D936B /* Assets.xcassets in Resources */,
			);
			runOnlyForDeploymentPostprocessing = 0;
		};
/* End PBXResourcesBuildPhase section */

/* Begin PBXSourcesBuildPhase section */
		63DA88492C4A1910000D936B /* Sources */ = {
			isa = PBXSourcesBuildPhase;
			buildActionMask = 2147483647;
			files = (
				63708C402C65E7E80045BBFB /* RegistrationItemViewModel.swift in Sources */,
				63DA88712C4CD685000D936B /* User.swift in Sources */,
				63DA88812C4CDABD000D936B /* RegistrationViewModel.swift in Sources */,
				63DA88852C4CDB11000D936B /* CreateUserNameView.swift in Sources */,
				63DA887C2C4CDA1E000D936B /* LoginView.swift in Sources */,
				63708C3E2C65E7CB0045BBFB /* IconRegistrationItemView.swift in Sources */,
				63708C312C609F740045BBFB /* Registration.swift in Sources */,
				63708C352C60A6E70045BBFB /* PresentRegistrationViewModel.swift in Sources */,
				63DA886E2C4CD592000D936B /* AuthService.swift in Sources */,
				63DA88792C4CD7F0000D936B /* ContentViewModel.swift in Sources */,
				63708C3C2C65E7A20045BBFB /* ListRegistrationItemView.swift in Sources */,
				6383E8392C7D4AE20048A52F /* PresentInfoEditView.swift in Sources */,
				63DA888C2C4CDBEB000D936B /* IGTextFieldModifier.swift in Sources */,
				63708C2D2C5BF3E50045BBFB /* PresentRecommendationView.swift in Sources */,
				63DA88832C4CDAF5000D936B /* AddEmailView.swift in Sources */,
				63DA887F2C4CDA58000D936B /* LoginViewModel.swift in Sources */,
				63708C2B2C5A2EAC0045BBFB /* MenuView.swift in Sources */,
				63DA88892C4CDB49000D936B /* CompleteSignUpView.swift in Sources */,
				63708C382C60B0810045BBFB /* ImageLoader.swift in Sources */,
				63DA88532C4A1910000D936B /* ContentView.swift in Sources */,
				63DA888E2C4CDF9E000D936B /* UserService.swift in Sources */,
				63DA88872C4CDB2E000D936B /* CreatePasswordView.swift in Sources */,
				63708C2F2C5C027A0045BBFB /* PresentRegistrationView.swift in Sources */,
				63DA88512C4A1910000D936B /* AITOTOApp.swift in Sources */,
				63DA88742C4CD781000D936B /* MainView.swift in Sources */,
				6383E82A2C7970290048A52F /* ColorExtension.swift in Sources */,
			);
			runOnlyForDeploymentPostprocessing = 0;
		};
/* End PBXSourcesBuildPhase section */

/* Begin XCBuildConfiguration section */
		63DA88592C4A1911000D936B /* Debug */ = {
			isa = XCBuildConfiguration;
			buildSettings = {
				ALWAYS_SEARCH_USER_PATHS = NO;
				ASSETCATALOG_COMPILER_GENERATE_SWIFT_ASSET_SYMBOL_EXTENSIONS = YES;
				CLANG_ANALYZER_NONNULL = YES;
				CLANG_ANALYZER_NUMBER_OBJECT_CONVERSION = YES_AGGRESSIVE;
				CLANG_CXX_LANGUAGE_STANDARD = "gnu++20";
				CLANG_ENABLE_MODULES = YES;
				CLANG_ENABLE_OBJC_ARC = YES;
				CLANG_ENABLE_OBJC_WEAK = YES;
				CLANG_WARN_BLOCK_CAPTURE_AUTORELEASING = YES;
				CLANG_WARN_BOOL_CONVERSION = YES;
				CLANG_WARN_COMMA = YES;
				CLANG_WARN_CONSTANT_CONVERSION = YES;
				CLANG_WARN_DEPRECATED_OBJC_IMPLEMENTATIONS = YES;
				CLANG_WARN_DIRECT_OBJC_ISA_USAGE = YES_ERROR;
				CLANG_WARN_DOCUMENTATION_COMMENTS = YES;
				CLANG_WARN_EMPTY_BODY = YES;
				CLANG_WARN_ENUM_CONVERSION = YES;
				CLANG_WARN_INFINITE_RECURSION = YES;
				CLANG_WARN_INT_CONVERSION = YES;
				CLANG_WARN_NON_LITERAL_NULL_CONVERSION = YES;
				CLANG_WARN_OBJC_IMPLICIT_RETAIN_SELF = YES;
				CLANG_WARN_OBJC_LITERAL_CONVERSION = YES;
				CLANG_WARN_OBJC_ROOT_CLASS = YES_ERROR;
				CLANG_WARN_QUOTED_INCLUDE_IN_FRAMEWORK_HEADER = YES;
				CLANG_WARN_RANGE_LOOP_ANALYSIS = YES;
				CLANG_WARN_STRICT_PROTOTYPES = YES;
				CLANG_WARN_SUSPICIOUS_MOVE = YES;
				CLANG_WARN_UNGUARDED_AVAILABILITY = YES_AGGRESSIVE;
				CLANG_WARN_UNREACHABLE_CODE = YES;
				CLANG_WARN__DUPLICATE_METHOD_MATCH = YES;
				COPY_PHASE_STRIP = NO;
				DEBUG_INFORMATION_FORMAT = dwarf;
				ENABLE_STRICT_OBJC_MSGSEND = YES;
				ENABLE_TESTABILITY = YES;
				ENABLE_USER_SCRIPT_SANDBOXING = YES;
				GCC_C_LANGUAGE_STANDARD = gnu17;
				GCC_DYNAMIC_NO_PIC = NO;
				GCC_NO_COMMON_BLOCKS = YES;
				GCC_OPTIMIZATION_LEVEL = 0;
				GCC_PREPROCESSOR_DEFINITIONS = (
					"DEBUG=1",
					"$(inherited)",
				);
				GCC_WARN_64_TO_32_BIT_CONVERSION = YES;
				GCC_WARN_ABOUT_RETURN_TYPE = YES_ERROR;
				GCC_WARN_UNDECLARED_SELECTOR = YES;
				GCC_WARN_UNINITIALIZED_AUTOS = YES_AGGRESSIVE;
				GCC_WARN_UNUSED_FUNCTION = YES;
				GCC_WARN_UNUSED_VARIABLE = YES;
				IPHONEOS_DEPLOYMENT_TARGET = 17.5;
				LOCALIZATION_PREFERS_STRING_CATALOGS = YES;
				MTL_ENABLE_DEBUG_INFO = INCLUDE_SOURCE;
				MTL_FAST_MATH = YES;
				ONLY_ACTIVE_ARCH = YES;
				SDKROOT = iphoneos;
				SWIFT_ACTIVE_COMPILATION_CONDITIONS = "DEBUG $(inherited)";
				SWIFT_OPTIMIZATION_LEVEL = "-Onone";
			};
			name = Debug;
		};
		63DA885A2C4A1911000D936B /* Release */ = {
			isa = XCBuildConfiguration;
			buildSettings = {
				ALWAYS_SEARCH_USER_PATHS = NO;
				ASSETCATALOG_COMPILER_GENERATE_SWIFT_ASSET_SYMBOL_EXTENSIONS = YES;
				CLANG_ANALYZER_NONNULL = YES;
				CLANG_ANALYZER_NUMBER_OBJECT_CONVERSION = YES_AGGRESSIVE;
				CLANG_CXX_LANGUAGE_STANDARD = "gnu++20";
				CLANG_ENABLE_MODULES = YES;
				CLANG_ENABLE_OBJC_ARC = YES;
				CLANG_ENABLE_OBJC_WEAK = YES;
				CLANG_WARN_BLOCK_CAPTURE_AUTORELEASING = YES;
				CLANG_WARN_BOOL_CONVERSION = YES;
				CLANG_WARN_COMMA = YES;
				CLANG_WARN_CONSTANT_CONVERSION = YES;
				CLANG_WARN_DEPRECATED_OBJC_IMPLEMENTATIONS = YES;
				CLANG_WARN_DIRECT_OBJC_ISA_USAGE = YES_ERROR;
				CLANG_WARN_DOCUMENTATION_COMMENTS = YES;
				CLANG_WARN_EMPTY_BODY = YES;
				CLANG_WARN_ENUM_CONVERSION = YES;
				CLANG_WARN_INFINITE_RECURSION = YES;
				CLANG_WARN_INT_CONVERSION = YES;
				CLANG_WARN_NON_LITERAL_NULL_CONVERSION = YES;
				CLANG_WARN_OBJC_IMPLICIT_RETAIN_SELF = YES;
				CLANG_WARN_OBJC_LITERAL_CONVERSION = YES;
				CLANG_WARN_OBJC_ROOT_CLASS = YES_ERROR;
				CLANG_WARN_QUOTED_INCLUDE_IN_FRAMEWORK_HEADER = YES;
				CLANG_WARN_RANGE_LOOP_ANALYSIS = YES;
				CLANG_WARN_STRICT_PROTOTYPES = YES;
				CLANG_WARN_SUSPICIOUS_MOVE = YES;
				CLANG_WARN_UNGUARDED_AVAILABILITY = YES_AGGRESSIVE;
				CLANG_WARN_UNREACHABLE_CODE = YES;
				CLANG_WARN__DUPLICATE_METHOD_MATCH = YES;
				COPY_PHASE_STRIP = NO;
				DEBUG_INFORMATION_FORMAT = "dwarf-with-dsym";
				ENABLE_NS_ASSERTIONS = NO;
				ENABLE_STRICT_OBJC_MSGSEND = YES;
				ENABLE_USER_SCRIPT_SANDBOXING = YES;
				GCC_C_LANGUAGE_STANDARD = gnu17;
				GCC_NO_COMMON_BLOCKS = YES;
				GCC_WARN_64_TO_32_BIT_CONVERSION = YES;
				GCC_WARN_ABOUT_RETURN_TYPE = YES_ERROR;
				GCC_WARN_UNDECLARED_SELECTOR = YES;
				GCC_WARN_UNINITIALIZED_AUTOS = YES_AGGRESSIVE;
				GCC_WARN_UNUSED_FUNCTION = YES;
				GCC_WARN_UNUSED_VARIABLE = YES;
				IPHONEOS_DEPLOYMENT_TARGET = 17.5;
				LOCALIZATION_PREFERS_STRING_CATALOGS = YES;
				MTL_ENABLE_DEBUG_INFO = NO;
				MTL_FAST_MATH = YES;
				SDKROOT = iphoneos;
				SWIFT_COMPILATION_MODE = wholemodule;
				VALIDATE_PRODUCT = YES;
			};
			name = Release;
		};
		63DA885C2C4A1911000D936B /* Debug */ = {
			isa = XCBuildConfiguration;
			buildSettings = {
				ASSETCATALOG_COMPILER_APPICON_NAME = AppIcon;
				ASSETCATALOG_COMPILER_GLOBAL_ACCENT_COLOR_NAME = AccentColor;
				CODE_SIGN_STYLE = Automatic;
				CURRENT_PROJECT_VERSION = 1;
				DEVELOPMENT_ASSET_PATHS = "\"AITOTO/Preview Content\"";
				DEVELOPMENT_TEAM = NQD3LAN9FK;
				ENABLE_PREVIEWS = YES;
				GENERATE_INFOPLIST_FILE = YES;
				INFOPLIST_FILE = AITOTO/Info.plist;
				INFOPLIST_KEY_UIApplicationSceneManifest_Generation = YES;
				INFOPLIST_KEY_UIApplicationSupportsIndirectInputEvents = YES;
				INFOPLIST_KEY_UISupportedInterfaceOrientations_iPad = "UIInterfaceOrientationPortrait UIInterfaceOrientationPortraitUpsideDown UIInterfaceOrientationLandscapeLeft UIInterfaceOrientationLandscapeRight";
				INFOPLIST_KEY_UISupportedInterfaceOrientations_iPhone = "UIInterfaceOrientationPortrait UIInterfaceOrientationLandscapeLeft UIInterfaceOrientationLandscapeRight";
				IPHONEOS_DEPLOYMENT_TARGET = 17.4;
				LD_RUNPATH_SEARCH_PATHS = (
					"$(inherited)",
					"@executable_path/Frameworks",
				);
				MARKETING_VERSION = 1.0;
				PRODUCT_BUNDLE_IDENTIFIER = com.wataru.AITOTO;
				PRODUCT_NAME = "$(TARGET_NAME)";
				SWIFT_EMIT_LOC_STRINGS = YES;
				SWIFT_VERSION = 5.0;
				TARGETED_DEVICE_FAMILY = "1,2";
			};
			name = Debug;
		};
		63DA885D2C4A1911000D936B /* Release */ = {
			isa = XCBuildConfiguration;
			buildSettings = {
				ASSETCATALOG_COMPILER_APPICON_NAME = AppIcon;
				ASSETCATALOG_COMPILER_GLOBAL_ACCENT_COLOR_NAME = AccentColor;
				CODE_SIGN_STYLE = Automatic;
				CURRENT_PROJECT_VERSION = 1;
				DEVELOPMENT_ASSET_PATHS = "\"AITOTO/Preview Content\"";
				DEVELOPMENT_TEAM = NQD3LAN9FK;
				ENABLE_PREVIEWS = YES;
				GENERATE_INFOPLIST_FILE = YES;
				INFOPLIST_FILE = AITOTO/Info.plist;
				INFOPLIST_KEY_UIApplicationSceneManifest_Generation = YES;
				INFOPLIST_KEY_UIApplicationSupportsIndirectInputEvents = YES;
				INFOPLIST_KEY_UISupportedInterfaceOrientations_iPad = "UIInterfaceOrientationPortrait UIInterfaceOrientationPortraitUpsideDown UIInterfaceOrientationLandscapeLeft UIInterfaceOrientationLandscapeRight";
				INFOPLIST_KEY_UISupportedInterfaceOrientations_iPhone = "UIInterfaceOrientationPortrait UIInterfaceOrientationLandscapeLeft UIInterfaceOrientationLandscapeRight";
				IPHONEOS_DEPLOYMENT_TARGET = 17.4;
				LD_RUNPATH_SEARCH_PATHS = (
					"$(inherited)",
					"@executable_path/Frameworks",
				);
				MARKETING_VERSION = 1.0;
				PRODUCT_BUNDLE_IDENTIFIER = com.wataru.AITOTO;
				PRODUCT_NAME = "$(TARGET_NAME)";
				SWIFT_EMIT_LOC_STRINGS = YES;
				SWIFT_VERSION = 5.0;
				TARGETED_DEVICE_FAMILY = "1,2";
			};
			name = Release;
		};
/* End XCBuildConfiguration section */

/* Begin XCConfigurationList section */
		63DA88482C4A1910000D936B /* Build configuration list for PBXProject "AITOTO" */ = {
			isa = XCConfigurationList;
			buildConfigurations = (
				63DA88592C4A1911000D936B /* Debug */,
				63DA885A2C4A1911000D936B /* Release */,
			);
			defaultConfigurationIsVisible = 0;
			defaultConfigurationName = Release;
		};
		63DA885B2C4A1911000D936B /* Build configuration list for PBXNativeTarget "AITOTO" */ = {
			isa = XCConfigurationList;
			buildConfigurations = (
				63DA885C2C4A1911000D936B /* Debug */,
				63DA885D2C4A1911000D936B /* Release */,
			);
			defaultConfigurationIsVisible = 0;
			defaultConfigurationName = Release;
		};
/* End XCConfigurationList section */

/* Begin XCRemoteSwiftPackageReference section */
		63708C432C6678070045BBFB /* XCRemoteSwiftPackageReference "Colorful" */ = {
			isa = XCRemoteSwiftPackageReference;
			repositoryURL = "https://github.com/Lakr233/Colorful.git";
			requirement = {
				kind = upToNextMajorVersion;
				minimumVersion = 1.1.1;
			};
		};
		63708C462C6679360045BBFB /* XCRemoteSwiftPackageReference "ColorfulX" */ = {
			isa = XCRemoteSwiftPackageReference;
			repositoryURL = "https://github.com/Lakr233/ColorfulX.git";
			requirement = {
				kind = upToNextMajorVersion;
				minimumVersion = 4.1.5;
			};
		};
		63DA88632C4CD44F000D936B /* XCRemoteSwiftPackageReference "firebase-ios-sdk" */ = {
			isa = XCRemoteSwiftPackageReference;
			repositoryURL = "https://github.com/firebase/firebase-ios-sdk";
			requirement = {
				kind = upToNextMajorVersion;
				minimumVersion = 10.29.0;
			};
		};
/* End XCRemoteSwiftPackageReference section */

/* Begin XCSwiftPackageProductDependency section */
		63708C442C6678070045BBFB /* Colorful */ = {
			isa = XCSwiftPackageProductDependency;
			package = 63708C432C6678070045BBFB /* XCRemoteSwiftPackageReference "Colorful" */;
			productName = Colorful;
		};
		63708C472C6679360045BBFB /* ColorfulX */ = {
			isa = XCSwiftPackageProductDependency;
			package = 63708C462C6679360045BBFB /* XCRemoteSwiftPackageReference "ColorfulX" */;
			productName = ColorfulX;
		};
		63DA88642C4CD44F000D936B /* FirebaseAuth */ = {
			isa = XCSwiftPackageProductDependency;
			package = 63DA88632C4CD44F000D936B /* XCRemoteSwiftPackageReference "firebase-ios-sdk" */;
			productName = FirebaseAuth;
		};
		63DA88662C4CD44F000D936B /* FirebaseFirestore */ = {
			isa = XCSwiftPackageProductDependency;
			package = 63DA88632C4CD44F000D936B /* XCRemoteSwiftPackageReference "firebase-ios-sdk" */;
			productName = FirebaseFirestore;
		};
		63DA88682C4CD44F000D936B /* FirebaseFirestoreSwift */ = {
			isa = XCSwiftPackageProductDependency;
			package = 63DA88632C4CD44F000D936B /* XCRemoteSwiftPackageReference "firebase-ios-sdk" */;
			productName = FirebaseFirestoreSwift;
		};
		63DA886A2C4CD44F000D936B /* FirebaseStorage */ = {
			isa = XCSwiftPackageProductDependency;
			package = 63DA88632C4CD44F000D936B /* XCRemoteSwiftPackageReference "firebase-ios-sdk" */;
			productName = FirebaseStorage;
		};
/* End XCSwiftPackageProductDependency section */
	};
	rootObject = 63DA88452C4A1910000D936B /* Project object */;
}
